// !$*UTF8*$!
{
	archiveVersion = 1;
	classes = {
	};
	objectVersion = 46;
	objects = {

/* Begin PBXBuildFile section */
		321AF1901D50AB78006E68B9 /* AppDelegate.swift in Sources */ = {isa = PBXBuildFile; fileRef = 321AF18F1D50AB78006E68B9 /* AppDelegate.swift */; };
		321AF1921D50AB78006E68B9 /* Assets.xcassets in Resources */ = {isa = PBXBuildFile; fileRef = 321AF1911D50AB78006E68B9 /* Assets.xcassets */; };
		321AF1951D50AB78006E68B9 /* MainMenu.xib in Resources */ = {isa = PBXBuildFile; fileRef = 321AF1931D50AB78006E68B9 /* MainMenu.xib */; };
		321AF1A01D50AB78006E68B9 /* PacketSenderUITests.swift in Sources */ = {isa = PBXBuildFile; fileRef = 321AF19F1D50AB78006E68B9 /* PacketSenderUITests.swift */; };
/* End PBXBuildFile section */

/* Begin PBXContainerItemProxy section */
		321AF19C1D50AB78006E68B9 /* PBXContainerItemProxy */ = {
			isa = PBXContainerItemProxy;
			containerPortal = 321AF1841D50AB78006E68B9 /* Project object */;
			proxyType = 1;
			remoteGlobalIDString = 321AF18B1D50AB78006E68B9;
			remoteInfo = PacketSender;
		};
/* End PBXContainerItemProxy section */

/* Begin PBXFileReference section */
		321AF18C1D50AB78006E68B9 /* PacketSender.app */ = {isa = PBXFileReference; explicitFileType = wrapper.application; includeInIndex = 0; path = PacketSender.app; sourceTree = BUILT_PRODUCTS_DIR; };
		321AF18F1D50AB78006E68B9 /* AppDelegate.swift */ = {isa = PBXFileReference; lastKnownFileType = sourcecode.swift; path = AppDelegate.swift; sourceTree = "<group>"; };
		321AF1911D50AB78006E68B9 /* Assets.xcassets */ = {isa = PBXFileReference; lastKnownFileType = folder.assetcatalog; path = Assets.xcassets; sourceTree = "<group>"; };
		321AF1941D50AB78006E68B9 /* Base */ = {isa = PBXFileReference; lastKnownFileType = file.xib; name = Base; path = Base.lproj/MainMenu.xib; sourceTree = "<group>"; };
		321AF1961D50AB78006E68B9 /* Info.plist */ = {isa = PBXFileReference; lastKnownFileType = text.plist.xml; path = Info.plist; sourceTree = "<group>"; };
		321AF19B1D50AB78006E68B9 /* PacketSenderUITests.xctest */ = {isa = PBXFileReference; explicitFileType = wrapper.cfbundle; includeInIndex = 0; path = PacketSenderUITests.xctest; sourceTree = BUILT_PRODUCTS_DIR; };
		321AF19F1D50AB78006E68B9 /* PacketSenderUITests.swift */ = {isa = PBXFileReference; lastKnownFileType = sourcecode.swift; path = PacketSenderUITests.swift; sourceTree = "<group>"; };
		321AF1A11D50AB78006E68B9 /* Info.plist */ = {isa = PBXFileReference; lastKnownFileType = text.plist.xml; path = Info.plist; sourceTree = "<group>"; };
/* End PBXFileReference section */

/* Begin PBXFrameworksBuildPhase section */
		321AF1891D50AB78006E68B9 /* Frameworks */ = {
			isa = PBXFrameworksBuildPhase;
			buildActionMask = 2147483647;
			files = (
			);
			runOnlyForDeploymentPostprocessing = 0;
		};
		321AF1981D50AB78006E68B9 /* Frameworks */ = {
			isa = PBXFrameworksBuildPhase;
			buildActionMask = 2147483647;
			files = (
			);
			runOnlyForDeploymentPostprocessing = 0;
		};
/* End PBXFrameworksBuildPhase section */

/* Begin PBXGroup section */
		321AF1831D50AB78006E68B9 = {
			isa = PBXGroup;
			children = (
				321AF18E1D50AB78006E68B9 /* PacketSender */,
				321AF19E1D50AB78006E68B9 /* PacketSenderUITests */,
				321AF18D1D50AB78006E68B9 /* Products */,
			);
			sourceTree = "<group>";
		};
		321AF18D1D50AB78006E68B9 /* Products */ = {
			isa = PBXGroup;
			children = (
				321AF18C1D50AB78006E68B9 /* PacketSender.app */,
				321AF19B1D50AB78006E68B9 /* PacketSenderUITests.xctest */,
			);
			name = Products;
			sourceTree = "<group>";
		};
		321AF18E1D50AB78006E68B9 /* PacketSender */ = {
			isa = PBXGroup;
			children = (
				321AF18F1D50AB78006E68B9 /* AppDelegate.swift */,
				321AF1911D50AB78006E68B9 /* Assets.xcassets */,
				321AF1931D50AB78006E68B9 /* MainMenu.xib */,
				321AF1961D50AB78006E68B9 /* Info.plist */,
			);
			path = PacketSender;
			sourceTree = "<group>";
		};
		321AF19E1D50AB78006E68B9 /* PacketSenderUITests */ = {
			isa = PBXGroup;
			children = (
				321AF19F1D50AB78006E68B9 /* PacketSenderUITests.swift */,
				321AF1A11D50AB78006E68B9 /* Info.plist */,
			);
			path = PacketSenderUITests;
			sourceTree = "<group>";
		};
/* End PBXGroup section */

/* Begin PBXNativeTarget section */
		321AF18B1D50AB78006E68B9 /* PacketSender */ = {
			isa = PBXNativeTarget;
			buildConfigurationList = 321AF1A41D50AB78006E68B9 /* Build configuration list for PBXNativeTarget "PacketSender" */;
			buildPhases = (
				321AF1881D50AB78006E68B9 /* Sources */,
				321AF1891D50AB78006E68B9 /* Frameworks */,
				321AF18A1D50AB78006E68B9 /* Resources */,
			);
			buildRules = (
			);
			dependencies = (
			);
			name = PacketSender;
			productName = PacketSender;
			productReference = 321AF18C1D50AB78006E68B9 /* PacketSender.app */;
			productType = "com.apple.product-type.application";
		};
		321AF19A1D50AB78006E68B9 /* PacketSenderUITests */ = {
			isa = PBXNativeTarget;
			buildConfigurationList = 321AF1A71D50AB78006E68B9 /* Build configuration list for PBXNativeTarget "PacketSenderUITests" */;
			buildPhases = (
				321AF1971D50AB78006E68B9 /* Sources */,
				321AF1981D50AB78006E68B9 /* Frameworks */,
				321AF1991D50AB78006E68B9 /* Resources */,
			);
			buildRules = (
			);
			dependencies = (
				321AF19D1D50AB78006E68B9 /* PBXTargetDependency */,
			);
			name = PacketSenderUITests;
			productName = PacketSenderUITests;
			productReference = 321AF19B1D50AB78006E68B9 /* PacketSenderUITests.xctest */;
			productType = "com.apple.product-type.bundle.ui-testing";
		};
/* End PBXNativeTarget section */

/* Begin PBXProject section */
		321AF1841D50AB78006E68B9 /* Project object */ = {
			isa = PBXProject;
			attributes = {
				LastSwiftUpdateCheck = 0730;
				LastUpgradeCheck = 0730;
				ORGANIZATIONNAME = sohunjug;
				TargetAttributes = {
					321AF18B1D50AB78006E68B9 = {
						CreatedOnToolsVersion = 7.3.1;
					};
					321AF19A1D50AB78006E68B9 = {
						CreatedOnToolsVersion = 7.3.1;
						TestTargetID = 321AF18B1D50AB78006E68B9;
					};
				};
			};
			buildConfigurationList = 321AF1871D50AB78006E68B9 /* Build configuration list for PBXProject "PacketSender" */;
			compatibilityVersion = "Xcode 3.2";
			developmentRegion = English;
			hasScannedForEncodings = 0;
			knownRegions = (
				en,
				Base,
			);
			mainGroup = 321AF1831D50AB78006E68B9;
			productRefGroup = 321AF18D1D50AB78006E68B9 /* Products */;
			projectDirPath = "";
			projectRoot = "";
			targets = (
				321AF18B1D50AB78006E68B9 /* PacketSender */,
				321AF19A1D50AB78006E68B9 /* PacketSenderUITests */,
			);
		};
/* End PBXProject section */

/* Begin PBXResourcesBuildPhase section */
		321AF18A1D50AB78006E68B9 /* Resources */ = {
			isa = PBXResourcesBuildPhase;
			buildActionMask = 2147483647;
			files = (
				321AF1921D50AB78006E68B9 /* Assets.xcassets in Resources */,
				321AF1951D50AB78006E68B9 /* MainMenu.xib in Resources */,
			);
			runOnlyForDeploymentPostprocessing = 0;
		};
		321AF1991D50AB78006E68B9 /* Resources */ = {
			isa = PBXResourcesBuildPhase;
			buildActionMask = 2147483647;
			files = (
			);
			runOnlyForDeploymentPostprocessing = 0;
		};
/* End PBXResourcesBuildPhase section */

/* Begin PBXSourcesBuildPhase section */
		321AF1881D50AB78006E68B9 /* Sources */ = {
			isa = PBXSourcesBuildPhase;
			buildActionMask = 2147483647;
			files = (
				321AF1901D50AB78006E68B9 /* AppDelegate.swift in Sources */,
			);
			runOnlyForDeploymentPostprocessing = 0;
		};
		321AF1971D50AB78006E68B9 /* Sources */ = {
			isa = PBXSourcesBuildPhase;
			buildActionMask = 2147483647;
			files = (
				321AF1A01D50AB78006E68B9 /* PacketSenderUITests.swift in Sources */,
			);
			runOnlyForDeploymentPostprocessing = 0;
		};
/* End PBXSourcesBuildPhase section */

/* Begin PBXTargetDependency section */
		321AF19D1D50AB78006E68B9 /* PBXTargetDependency */ = {
			isa = PBXTargetDependency;
			target = 321AF18B1D50AB78006E68B9 /* PacketSender */;
			targetProxy = 321AF19C1D50AB78006E68B9 /* PBXContainerItemProxy */;
		};
/* End PBXTargetDependency section */

/* Begin PBXVariantGroup section */
		321AF1931D50AB78006E68B9 /* MainMenu.xib */ = {
			isa = PBXVariantGroup;
			children = (
				321AF1941D50AB78006E68B9 /* Base */,
			);
			name = MainMenu.xib;
			sourceTree = "<group>";
		};
/* End PBXVariantGroup section */

/* Begin XCBuildConfiguration section */
		321AF1A21D50AB78006E68B9 /* Debug */ = {
			isa = XCBuildConfiguration;
			buildSettings = {
				ALWAYS_SEARCH_USER_PATHS = NO;
				CLANG_ANALYZER_NONNULL = YES;
				CLANG_CXX_LANGUAGE_STANDARD = "gnu++0x";
				CLANG_CXX_LIBRARY = "libc++";
				CLANG_ENABLE_MODULES = YES;
				CLANG_ENABLE_OBJC_ARC = YES;
				CLANG_WARN_BOOL_CONVERSION = YES;
				CLANG_WARN_CONSTANT_CONVERSION = YES;
				CLANG_WARN_DIRECT_OBJC_ISA_USAGE = YES_ERROR;
				CLANG_WARN_EMPTY_BODY = YES;
				CLANG_WARN_ENUM_CONVERSION = YES;
				CLANG_WARN_INT_CONVERSION = YES;
				CLANG_WARN_OBJC_ROOT_CLASS = YES_ERROR;
				CLANG_WARN_UNREACHABLE_CODE = YES;
				CLANG_WARN__DUPLICATE_METHOD_MATCH = YES;
				CODE_SIGN_IDENTITY = "-";
				COPY_PHASE_STRIP = NO;
				DEBUG_INFORMATION_FORMAT = dwarf;
				ENABLE_STRICT_OBJC_MSGSEND = YES;
				ENABLE_TESTABILITY = YES;
				GCC_C_LANGUAGE_STANDARD = gnu99;
				GCC_DYNAMIC_NO_PIC = NO;
				GCC_NO_COMMON_BLOCKS = YES;
				GCC_OPTIMIZATION_LEVEL = 0;
				GCC_PREPROCESSOR_DEFINITIONS = (
					"DEBUG=1",
					"$(inherited)",
				);
				GCC_WARN_64_TO_32_BIT_CONVERSION = YES;
				GCC_WARN_ABOUT_RETURN_TYPE = YES_ERROR;
				GCC_WARN_UNDECLARED_SELECTOR = YES;
				GCC_WARN_UNINITIALIZED_AUTOS = YES_AGGRESSIVE;
				GCC_WARN_UNUSED_FUNCTION = YES;
				GCC_WARN_UNUSED_VARIABLE = YES;
				MACOSX_DEPLOYMENT_TARGET = 10.12;
				MTL_ENABLE_DEBUG_INFO = YES;
				ONLY_ACTIVE_ARCH = YES;
				SDKROOT = macosx;
				SWIFT_OPTIMIZATION_LEVEL = "-Onone";
			};
			name = Debug;
		};
		321AF1A31D50AB78006E68B9 /* Release */ = {
			isa = XCBuildConfiguration;
			buildSettings = {
				ALWAYS_SEARCH_USER_PATHS = NO;
				CLANG_ANALYZER_NONNULL = YES;
				CLANG_CXX_LANGUAGE_STANDARD = "gnu++0x";
				CLANG_CXX_LIBRARY = "libc++";
				CLANG_ENABLE_MODULES = YES;
				CLANG_ENABLE_OBJC_ARC = YES;
				CLANG_WARN_BOOL_CONVERSION = YES;
				CLANG_WARN_CONSTANT_CONVERSION = YES;
				CLANG_WARN_DIRECT_OBJC_ISA_USAGE = YES_ERROR;
				CLANG_WARN_EMPTY_BODY = YES;
				CLANG_WARN_ENUM_CONVERSION = YES;
				CLANG_WARN_INT_CONVERSION = YES;
				CLANG_WARN_OBJC_ROOT_CLASS = YES_ERROR;
				CLANG_WARN_UNREACHABLE_CODE = YES;
				CLANG_WARN__DUPLICATE_METHOD_MATCH = YES;
				CODE_SIGN_IDENTITY = "-";
				COPY_PHASE_STRIP = NO;
				DEBUG_INFORMATION_FORMAT = "dwarf-with-dsym";
				ENABLE_NS_ASSERTIONS = NO;
				ENABLE_STRICT_OBJC_MSGSEND = YES;
				GCC_C_LANGUAGE_STANDARD = gnu99;
				GCC_NO_COMMON_BLOCKS = YES;
				GCC_WARN_64_TO_32_BIT_CONVERSION = YES;
				GCC_WARN_ABOUT_RETURN_TYPE = YES_ERROR;
				GCC_WARN_UNDECLARED_SELECTOR = YES;
				GCC_WARN_UNINITIALIZED_AUTOS = YES_AGGRESSIVE;
				GCC_WARN_UNUSED_FUNCTION = YES;
				GCC_WARN_UNUSED_VARIABLE = YES;
				MACOSX_DEPLOYMENT_TARGET = 10.12;
				MTL_ENABLE_DEBUG_INFO = NO;
				SDKROOT = macosx;
			};
			name = Release;
		};
		321AF1A51D50AB78006E68B9 /* Debug */ = {
			isa = XCBuildConfiguration;
			buildSettings = {
				ASSETCATALOG_COMPILER_APPICON_NAME = AppIcon;
				COMBINE_HIDPI_IMAGES = YES;
				INFOPLIST_FILE = PacketSender/Info.plist;
				LD_RUNPATH_SEARCH_PATHS = "$(inherited) @executable_path/../Frameworks";
				PRODUCT_BUNDLE_IDENTIFIER = com.sohunjug.tools.PacketSender;
				PRODUCT_NAME = "$(TARGET_NAME)";
			};
			name = Debug;
		};
		321AF1A61D50AB78006E68B9 /* Release */ = {
			isa = XCBuildConfiguration;
			buildSettings = {
				ASSETCATALOG_COMPILER_APPICON_NAME = AppIcon;
				COMBINE_HIDPI_IMAGES = YES;
				INFOPLIST_FILE = PacketSender/Info.plist;
				LD_RUNPATH_SEARCH_PATHS = "$(inherited) @executable_path/../Frameworks";
				PRODUCT_BUNDLE_IDENTIFIER = com.sohunjug.tools.PacketSender;
				PRODUCT_NAME = "$(TARGET_NAME)";
			};
			name = Release;
		};
		321AF1A81D50AB78006E68B9 /* Debug */ = {
			isa = XCBuildConfiguration;
			buildSettings = {
				COMBINE_HIDPI_IMAGES = YES;
				INFOPLIST_FILE = PacketSenderUITests/Info.plist;
				LD_RUNPATH_SEARCH_PATHS = "$(inherited) @executable_path/../Frameworks @loader_path/../Frameworks";
				PRODUCT_BUNDLE_IDENTIFIER = com.sohunjug.tools.PacketSenderUITests;
				PRODUCT_NAME = "$(TARGET_NAME)";
				TEST_TARGET_NAME = PacketSender;
			};
			name = Debug;
		};
		321AF1A91D50AB78006E68B9 /* Release */ = {
			isa = XCBuildConfiguration;
			buildSettings = {
				COMBINE_HIDPI_IMAGES = YES;
				INFOPLIST_FILE = PacketSenderUITests/Info.plist;
				LD_RUNPATH_SEARCH_PATHS = "$(inherited) @executable_path/../Frameworks @loader_path/../Frameworks";
				PRODUCT_BUNDLE_IDENTIFIER = com.sohunjug.tools.PacketSenderUITests;
				PRODUCT_NAME = "$(TARGET_NAME)";
				TEST_TARGET_NAME = PacketSender;
			};
			name = Release;
		};
/* End XCBuildConfiguration section */

/* Begin XCConfigurationList section */
		321AF1871D50AB78006E68B9 /* Build configuration list for PBXProject "PacketSender" */ = {
			isa = XCConfigurationList;
			buildConfigurations = (
				321AF1A21D50AB78006E68B9 /* Debug */,
				321AF1A31D50AB78006E68B9 /* Release */,
			);
			defaultConfigurationIsVisible = 0;
			defaultConfigurationName = Release;
		};
		321AF1A41D50AB78006E68B9 /* Build configuration list for PBXNativeTarget "PacketSender" */ = {
			isa = XCConfigurationList;
			buildConfigurations = (
				321AF1A51D50AB78006E68B9 /* Debug */,
				321AF1A61D50AB78006E68B9 /* Release */,
			);
			defaultConfigurationIsVisible = 0;
		};
		321AF1A71D50AB78006E68B9 /* Build configuration list for PBXNativeTarget "PacketSenderUITests" */ = {
			isa = XCConfigurationList;
			buildConfigurations = (
				321AF1A81D50AB78006E68B9 /* Debug */,
				321AF1A91D50AB78006E68B9 /* Release */,
			);
			defaultConfigurationIsVisible = 0;
		};
/* End XCConfigurationList section */
	};
	rootObject = 321AF1841D50AB78006E68B9 /* Project object */;
}
