// !$*UTF8*$!
{
	archiveVersion = 1;
	classes = {
	};
	objectVersion = 46;
	objects = {

/* Begin PBXBuildFile section */
		079BE394E4AD18205F11BBBB /* Pods_PacketSender.framework in Frameworks */ = {isa = PBXBuildFile; fileRef = 6BEA1AD632433FDD034C8604 /* Pods_PacketSender.framework */; };
		321AF1901D50AB78006E68B9 /* AppDelegate.swift in Sources */ = {isa = PBXBuildFile; fileRef = 321AF18F1D50AB78006E68B9 /* AppDelegate.swift */; };
		321AF1921D50AB78006E68B9 /* Assets.xcassets in Resources */ = {isa = PBXBuildFile; fileRef = 321AF1911D50AB78006E68B9 /* Assets.xcassets */; };
		321AF1951D50AB78006E68B9 /* MainMenu.xib in Resources */ = {isa = PBXBuildFile; fileRef = 321AF1931D50AB78006E68B9 /* MainMenu.xib */; };
		321AF1A01D50AB78006E68B9 /* PacketSenderUITests.swift in Sources */ = {isa = PBXBuildFile; fileRef = 321AF19F1D50AB78006E68B9 /* PacketSenderUITests.swift */; };
		321AF1AB1D50AC48006E68B9 /* TcpSender.entitlements in Resources */ = {isa = PBXBuildFile; fileRef = 321AF1AA1D50AC48006E68B9 /* TcpSender.entitlements */; };
		321AF1AD1D50AC82006E68B9 /* SenderConfig.plist in Resources */ = {isa = PBXBuildFile; fileRef = 321AF1AC1D50AC82006E68B9 /* SenderConfig.plist */; };
		321AF1B41D50D2AE006E68B9 /* BRNumberField.m in Sources */ = {isa = PBXBuildFile; fileRef = 321AF1B11D50D2AE006E68B9 /* BRNumberField.m */; };
		321AF1B51D50D2AE006E68B9 /* BRNumberFormatter.m in Sources */ = {isa = PBXBuildFile; fileRef = 321AF1B31D50D2AE006E68B9 /* BRNumberFormatter.m */; };
		321AF1B81D50F4D0006E68B9 /* connected.png in Resources */ = {isa = PBXBuildFile; fileRef = 321AF1B61D50F4D0006E68B9 /* connected.png */; };
		321AF1B91D50F4D0006E68B9 /* disconnected.png in Resources */ = {isa = PBXBuildFile; fileRef = 321AF1B71D50F4D0006E68B9 /* disconnected.png */; };
		321AF1BB1D50F4D7006E68B9 /* PacketSender.icns in Resources */ = {isa = PBXBuildFile; fileRef = 321AF1BA1D50F4D7006E68B9 /* PacketSender.icns */; };
		B1C2DB71E15DA70FBC175E44 /* Pods_PacketSenderUITests.framework in Frameworks */ = {isa = PBXBuildFile; fileRef = D51A3074AE217266C04540FF /* Pods_PacketSenderUITests.framework */; };
/* End PBXBuildFile section */

/* Begin PBXContainerItemProxy section */
		321AF19C1D50AB78006E68B9 /* PBXContainerItemProxy */ = {
			isa = PBXContainerItemProxy;
			containerPortal = 321AF1841D50AB78006E68B9 /* Project object */;
			proxyType = 1;
			remoteGlobalIDString = 321AF18B1D50AB78006E68B9;
			remoteInfo = PacketSender;
		};
/* End PBXContainerItemProxy section */

/* Begin PBXFileReference section */
		1DB58E2D19955E9A9D1FE963 /* Pods-PacketSenderUITests.release.xcconfig */ = {isa = PBXFileReference; includeInIndex = 1; lastKnownFileType = text.xcconfig; name = "Pods-PacketSenderUITests.release.xcconfig"; path = "Pods/Target Support Files/Pods-PacketSenderUITests/Pods-PacketSenderUITests.release.xcconfig"; sourceTree = "<group>"; };
		2F812525D309FBC48502B702 /* Pods-PacketSender.release.xcconfig */ = {isa = PBXFileReference; includeInIndex = 1; lastKnownFileType = text.xcconfig; name = "Pods-PacketSender.release.xcconfig"; path = "Pods/Target Support Files/Pods-PacketSender/Pods-PacketSender.release.xcconfig"; sourceTree = "<group>"; };
		321AF18C1D50AB78006E68B9 /* PacketSender.app */ = {isa = PBXFileReference; explicitFileType = wrapper.application; includeInIndex = 0; path = PacketSender.app; sourceTree = BUILT_PRODUCTS_DIR; };
		321AF18F1D50AB78006E68B9 /* AppDelegate.swift */ = {isa = PBXFileReference; lastKnownFileType = sourcecode.swift; path = AppDelegate.swift; sourceTree = "<group>"; };
		321AF1911D50AB78006E68B9 /* Assets.xcassets */ = {isa = PBXFileReference; lastKnownFileType = folder.assetcatalog; path = Assets.xcassets; sourceTree = "<group>"; };
		321AF1941D50AB78006E68B9 /* Base */ = {isa = PBXFileReference; lastKnownFileType = file.xib; name = Base; path = Base.lproj/MainMenu.xib; sourceTree = "<group>"; };
		321AF1961D50AB78006E68B9 /* Info.plist */ = {isa = PBXFileReference; lastKnownFileType = text.plist.xml; path = Info.plist; sourceTree = "<group>"; };
		321AF19B1D50AB78006E68B9 /* PacketSenderUITests.xctest */ = {isa = PBXFileReference; explicitFileType = wrapper.cfbundle; includeInIndex = 0; path = PacketSenderUITests.xctest; sourceTree = BUILT_PRODUCTS_DIR; };
		321AF19F1D50AB78006E68B9 /* PacketSenderUITests.swift */ = {isa = PBXFileReference; lastKnownFileType = sourcecode.swift; path = PacketSenderUITests.swift; sourceTree = "<group>"; };
		321AF1A11D50AB78006E68B9 /* Info.plist */ = {isa = PBXFileReference; lastKnownFileType = text.plist.xml; path = Info.plist; sourceTree = "<group>"; };
		321AF1AA1D50AC48006E68B9 /* TcpSender.entitlements */ = {isa = PBXFileReference; fileEncoding = 4; lastKnownFileType = text.xml; path = TcpSender.entitlements; sourceTree = "<group>"; };
		321AF1AC1D50AC82006E68B9 /* SenderConfig.plist */ = {isa = PBXFileReference; fileEncoding = 4; lastKnownFileType = text.plist.xml; path = SenderConfig.plist; sourceTree = "<group>"; };
		321AF1AF1D50D2AE006E68B9 /* PacketSender-Bridging-Header.h */ = {isa = PBXFileReference; lastKnownFileType = sourcecode.c.h; path = "PacketSender-Bridging-Header.h"; sourceTree = "<group>"; };
		321AF1B01D50D2AE006E68B9 /* BRNumberField.h */ = {isa = PBXFileReference; fileEncoding = 4; lastKnownFileType = sourcecode.c.h; path = BRNumberField.h; sourceTree = "<group>"; };
		321AF1B11D50D2AE006E68B9 /* BRNumberField.m */ = {isa = PBXFileReference; fileEncoding = 4; lastKnownFileType = sourcecode.c.objc; path = BRNumberField.m; sourceTree = "<group>"; };
		321AF1B21D50D2AE006E68B9 /* BRNumberFormatter.h */ = {isa = PBXFileReference; fileEncoding = 4; lastKnownFileType = sourcecode.c.h; path = BRNumberFormatter.h; sourceTree = "<group>"; };
		321AF1B31D50D2AE006E68B9 /* BRNumberFormatter.m */ = {isa = PBXFileReference; fileEncoding = 4; lastKnownFileType = sourcecode.c.objc; path = BRNumberFormatter.m; sourceTree = "<group>"; };
		321AF1B61D50F4D0006E68B9 /* connected.png */ = {isa = PBXFileReference; lastKnownFileType = image.png; path = connected.png; sourceTree = "<group>"; };
		321AF1B71D50F4D0006E68B9 /* disconnected.png */ = {isa = PBXFileReference; lastKnownFileType = image.png; path = disconnected.png; sourceTree = "<group>"; };
		321AF1BA1D50F4D7006E68B9 /* PacketSender.icns */ = {isa = PBXFileReference; lastKnownFileType = image.icns; path = PacketSender.icns; sourceTree = "<group>"; };
		321AF1BC1D50F5C3006E68B9 /* PacketSender.entitlements */ = {isa = PBXFileReference; lastKnownFileType = text.xml; path = PacketSender.entitlements; sourceTree = "<group>"; };
		6BEA1AD632433FDD034C8604 /* Pods_PacketSender.framework */ = {isa = PBXFileReference; explicitFileType = wrapper.framework; includeInIndex = 0; path = Pods_PacketSender.framework; sourceTree = BUILT_PRODUCTS_DIR; };
		9EDCA0EB6946C98B30BAC386 /* Pods-PacketSender.debug.xcconfig */ = {isa = PBXFileReference; includeInIndex = 1; lastKnownFileType = text.xcconfig; name = "Pods-PacketSender.debug.xcconfig"; path = "Pods/Target Support Files/Pods-PacketSender/Pods-PacketSender.debug.xcconfig"; sourceTree = "<group>"; };
		D4942015C382C57906D00872 /* Pods-PacketSenderUITests.debug.xcconfig */ = {isa = PBXFileReference; includeInIndex = 1; lastKnownFileType = text.xcconfig; name = "Pods-PacketSenderUITests.debug.xcconfig"; path = "Pods/Target Support Files/Pods-PacketSenderUITests/Pods-PacketSenderUITests.debug.xcconfig"; sourceTree = "<group>"; };
		D51A3074AE217266C04540FF /* Pods_PacketSenderUITests.framework */ = {isa = PBXFileReference; explicitFileType = wrapper.framework; includeInIndex = 0; path = Pods_PacketSenderUITests.framework; sourceTree = BUILT_PRODUCTS_DIR; };
/* End PBXFileReference section */

/* Begin PBXFrameworksBuildPhase section */
		321AF1891D50AB78006E68B9 /* Frameworks */ = {
			isa = PBXFrameworksBuildPhase;
			buildActionMask = 2147483647;
			files = (
				079BE394E4AD18205F11BBBB /* Pods_PacketSender.framework in Frameworks */,
			);
			runOnlyForDeploymentPostprocessing = 0;
		};
		321AF1981D50AB78006E68B9 /* Frameworks */ = {
			isa = PBXFrameworksBuildPhase;
			buildActionMask = 2147483647;
			files = (
				B1C2DB71E15DA70FBC175E44 /* Pods_PacketSenderUITests.framework in Frameworks */,
			);
			runOnlyForDeploymentPostprocessing = 0;
		};
/* End PBXFrameworksBuildPhase section */

/* Begin PBXGroup section */
		213393ADDE2CD86E46DEA723 /* Frameworks */ = {
			isa = PBXGroup;
			children = (
				6BEA1AD632433FDD034C8604 /* Pods_PacketSender.framework */,
				D51A3074AE217266C04540FF /* Pods_PacketSenderUITests.framework */,
			);
			name = Frameworks;
			sourceTree = "<group>";
		};
		321AF1831D50AB78006E68B9 = {
			isa = PBXGroup;
			children = (
				321AF1AE1D50D294006E68B9 /* BRNumberField */,
				321AF18E1D50AB78006E68B9 /* PacketSender */,
				321AF19E1D50AB78006E68B9 /* PacketSenderUITests */,
				321AF18D1D50AB78006E68B9 /* Products */,
				A44C336DFF0F3A4B2AC93B0D /* Pods */,
				213393ADDE2CD86E46DEA723 /* Frameworks */,
			);
			sourceTree = "<group>";
		};
		321AF18D1D50AB78006E68B9 /* Products */ = {
			isa = PBXGroup;
			children = (
				321AF18C1D50AB78006E68B9 /* PacketSender.app */,
				321AF19B1D50AB78006E68B9 /* PacketSenderUITests.xctest */,
			);
			name = Products;
			sourceTree = "<group>";
		};
		321AF18E1D50AB78006E68B9 /* PacketSender */ = {
			isa = PBXGroup;
			children = (
				321AF1BC1D50F5C3006E68B9 /* PacketSender.entitlements */,
				321AF1BA1D50F4D7006E68B9 /* PacketSender.icns */,
				321AF1B61D50F4D0006E68B9 /* connected.png */,
				321AF1B71D50F4D0006E68B9 /* disconnected.png */,
				321AF1AC1D50AC82006E68B9 /* SenderConfig.plist */,
				321AF1AA1D50AC48006E68B9 /* TcpSender.entitlements */,
				321AF18F1D50AB78006E68B9 /* AppDelegate.swift */,
				321AF1911D50AB78006E68B9 /* Assets.xcassets */,
				321AF1931D50AB78006E68B9 /* MainMenu.xib */,
				321AF1961D50AB78006E68B9 /* Info.plist */,
			);
			path = PacketSender;
			sourceTree = "<group>";
		};
		321AF19E1D50AB78006E68B9 /* PacketSenderUITests */ = {
			isa = PBXGroup;
			children = (
				321AF19F1D50AB78006E68B9 /* PacketSenderUITests.swift */,
				321AF1A11D50AB78006E68B9 /* Info.plist */,
			);
			path = PacketSenderUITests;
			sourceTree = "<group>";
		};
		321AF1AE1D50D294006E68B9 /* BRNumberField */ = {
			isa = PBXGroup;
			children = (
				321AF1B01D50D2AE006E68B9 /* BRNumberField.h */,
				321AF1B11D50D2AE006E68B9 /* BRNumberField.m */,
				321AF1B21D50D2AE006E68B9 /* BRNumberFormatter.h */,
				321AF1B31D50D2AE006E68B9 /* BRNumberFormatter.m */,
				321AF1AF1D50D2AE006E68B9 /* PacketSender-Bridging-Header.h */,
			);
			name = BRNumberField;
			sourceTree = "<group>";
		};
		A44C336DFF0F3A4B2AC93B0D /* Pods */ = {
			isa = PBXGroup;
			children = (
				9EDCA0EB6946C98B30BAC386 /* Pods-PacketSender.debug.xcconfig */,
				2F812525D309FBC48502B702 /* Pods-PacketSender.release.xcconfig */,
				D4942015C382C57906D00872 /* Pods-PacketSenderUITests.debug.xcconfig */,
				1DB58E2D19955E9A9D1FE963 /* Pods-PacketSenderUITests.release.xcconfig */,
			);
			name = Pods;
			sourceTree = "<group>";
		};
/* End PBXGroup section */

/* Begin PBXNativeTarget section */
		321AF18B1D50AB78006E68B9 /* PacketSender */ = {
			isa = PBXNativeTarget;
			buildConfigurationList = 321AF1A41D50AB78006E68B9 /* Build configuration list for PBXNativeTarget "PacketSender" */;
			buildPhases = (
				EFFF13C840B512F138F9A895 /* [CP] Check Pods Manifest.lock */,
				321AF1881D50AB78006E68B9 /* Sources */,
				321AF1891D50AB78006E68B9 /* Frameworks */,
				321AF18A1D50AB78006E68B9 /* Resources */,
				4E3A581C471B646FE86D7821 /* [CP] Embed Pods Frameworks */,
				E30BB5C11CC21DF120B7C233 /* [CP] Copy Pods Resources */,
			);
			buildRules = (
			);
			dependencies = (
			);
			name = PacketSender;
			productName = PacketSender;
			productReference = 321AF18C1D50AB78006E68B9 /* PacketSender.app */;
			productType = "com.apple.product-type.application";
		};
		321AF19A1D50AB78006E68B9 /* PacketSenderUITests */ = {
			isa = PBXNativeTarget;
			buildConfigurationList = 321AF1A71D50AB78006E68B9 /* Build configuration list for PBXNativeTarget "PacketSenderUITests" */;
			buildPhases = (
				93FFB6A1141398CBC5D2F880 /* [CP] Check Pods Manifest.lock */,
				321AF1971D50AB78006E68B9 /* Sources */,
				321AF1981D50AB78006E68B9 /* Frameworks */,
				321AF1991D50AB78006E68B9 /* Resources */,
				BE219DFD536E7A86B09D17BE /* [CP] Copy Pods Resources */,
			);
			buildRules = (
			);
			dependencies = (
				321AF19D1D50AB78006E68B9 /* PBXTargetDependency */,
			);
			name = PacketSenderUITests;
			productName = PacketSenderUITests;
			productReference = 321AF19B1D50AB78006E68B9 /* PacketSenderUITests.xctest */;
			productType = "com.apple.product-type.bundle.ui-testing";
		};
/* End PBXNativeTarget section */

/* Begin PBXProject section */
		321AF1841D50AB78006E68B9 /* Project object */ = {
			isa = PBXProject;
			attributes = {
				LastSwiftUpdateCheck = 0730;
				LastUpgradeCheck = 0730;
				ORGANIZATIONNAME = sohunjug;
				TargetAttributes = {
					321AF18B1D50AB78006E68B9 = {
						CreatedOnToolsVersion = 7.3.1;
						DevelopmentTeam = GQ9JK4LVD7;
						SystemCapabilities = {
							com.apple.Sandbox = {
								enabled = 1;
							};
						};
					};
					321AF19A1D50AB78006E68B9 = {
						CreatedOnToolsVersion = 7.3.1;
						TestTargetID = 321AF18B1D50AB78006E68B9;
					};
				};
			};
			buildConfigurationList = 321AF1871D50AB78006E68B9 /* Build configuration list for PBXProject "PacketSender" */;
			compatibilityVersion = "Xcode 3.2";
			developmentRegion = English;
			hasScannedForEncodings = 0;
			knownRegions = (
				en,
				Base,
			);
			mainGroup = 321AF1831D50AB78006E68B9;
			productRefGroup = 321AF18D1D50AB78006E68B9 /* Products */;
			projectDirPath = "";
			projectRoot = "";
			targets = (
				321AF18B1D50AB78006E68B9 /* PacketSender */,
				321AF19A1D50AB78006E68B9 /* PacketSenderUITests */,
			);
		};
/* End PBXProject section */

/* Begin PBXResourcesBuildPhase section */
		321AF18A1D50AB78006E68B9 /* Resources */ = {
			isa = PBXResourcesBuildPhase;
			buildActionMask = 2147483647;
			files = (
				321AF1AB1D50AC48006E68B9 /* TcpSender.entitlements in Resources */,
				321AF1921D50AB78006E68B9 /* Assets.xcassets in Resources */,
				321AF1B81D50F4D0006E68B9 /* connected.png in Resources */,
				321AF1951D50AB78006E68B9 /* MainMenu.xib in Resources */,
				321AF1BB1D50F4D7006E68B9 /* PacketSender.icns in Resources */,
				321AF1B91D50F4D0006E68B9 /* disconnected.png in Resources */,
				321AF1AD1D50AC82006E68B9 /* SenderConfig.plist in Resources */,
			);
			runOnlyForDeploymentPostprocessing = 0;
		};
		321AF1991D50AB78006E68B9 /* Resources */ = {
			isa = PBXResourcesBuildPhase;
			buildActionMask = 2147483647;
			files = (
			);
			runOnlyForDeploymentPostprocessing = 0;
		};
/* End PBXResourcesBuildPhase section */

/* Begin PBXShellScriptBuildPhase section */
		4E3A581C471B646FE86D7821 /* [CP] Embed Pods Frameworks */ = {
			isa = PBXShellScriptBuildPhase;
			buildActionMask = 2147483647;
			files = (
			);
			inputPaths = (
			);
			name = "[CP] Embed Pods Frameworks";
			outputPaths = (
			);
			runOnlyForDeploymentPostprocessing = 0;
			shellPath = /bin/sh;
			shellScript = "\"${SRCROOT}/Pods/Target Support Files/Pods-PacketSender/Pods-PacketSender-frameworks.sh\"\n";
			showEnvVarsInLog = 0;
		};
		93FFB6A1141398CBC5D2F880 /* [CP] Check Pods Manifest.lock */ = {
			isa = PBXShellScriptBuildPhase;
			buildActionMask = 2147483647;
			files = (
			);
			inputPaths = (
			);
			name = "[CP] Check Pods Manifest.lock";
			outputPaths = (
			);
			runOnlyForDeploymentPostprocessing = 0;
			shellPath = /bin/sh;
			shellScript = "diff \"${PODS_ROOT}/../Podfile.lock\" \"${PODS_ROOT}/Manifest.lock\" > /dev/null\nif [[ $? != 0 ]] ; then\n    cat << EOM\nerror: The sandbox is not in sync with the Podfile.lock. Run 'pod install' or update your CocoaPods installation.\nEOM\n    exit 1\nfi\n";
			showEnvVarsInLog = 0;
		};
		BE219DFD536E7A86B09D17BE /* [CP] Copy Pods Resources */ = {
			isa = PBXShellScriptBuildPhase;
			buildActionMask = 2147483647;
			files = (
			);
			inputPaths = (
			);
			name = "[CP] Copy Pods Resources";
			outputPaths = (
			);
			runOnlyForDeploymentPostprocessing = 0;
			shellPath = /bin/sh;
			shellScript = "\"${SRCROOT}/Pods/Target Support Files/Pods-PacketSenderUITests/Pods-PacketSenderUITests-resources.sh\"\n";
			showEnvVarsInLog = 0;
		};
		E30BB5C11CC21DF120B7C233 /* [CP] Copy Pods Resources */ = {
			isa = PBXShellScriptBuildPhase;
			buildActionMask = 2147483647;
			files = (
			);
			inputPaths = (
			);
			name = "[CP] Copy Pods Resources";
			outputPaths = (
			);
			runOnlyForDeploymentPostprocessing = 0;
			shellPath = /bin/sh;
			shellScript = "\"${SRCROOT}/Pods/Target Support Files/Pods-PacketSender/Pods-PacketSender-resources.sh\"\n";
			showEnvVarsInLog = 0;
		};
		EFFF13C840B512F138F9A895 /* [CP] Check Pods Manifest.lock */ = {
			isa = PBXShellScriptBuildPhase;
			buildActionMask = 2147483647;
			files = (
			);
			inputPaths = (
			);
			name = "[CP] Check Pods Manifest.lock";
			outputPaths = (
			);
			runOnlyForDeploymentPostprocessing = 0;
			shellPath = /bin/sh;
			shellScript = "diff \"${PODS_ROOT}/../Podfile.lock\" \"${PODS_ROOT}/Manifest.lock\" > /dev/null\nif [[ $? != 0 ]] ; then\n    cat << EOM\nerror: The sandbox is not in sync with the Podfile.lock. Run 'pod install' or update your CocoaPods installation.\nEOM\n    exit 1\nfi\n";
			showEnvVarsInLog = 0;
		};
/* End PBXShellScriptBuildPhase section */

/* Begin PBXSourcesBuildPhase section */
		321AF1881D50AB78006E68B9 /* Sources */ = {
			isa = PBXSourcesBuildPhase;
			buildActionMask = 2147483647;
			files = (
				321AF1901D50AB78006E68B9 /* AppDelegate.swift in Sources */,
				321AF1B51D50D2AE006E68B9 /* BRNumberFormatter.m in Sources */,
				321AF1B41D50D2AE006E68B9 /* BRNumberField.m in Sources */,
			);
			runOnlyForDeploymentPostprocessing = 0;
		};
		321AF1971D50AB78006E68B9 /* Sources */ = {
			isa = PBXSourcesBuildPhase;
			buildActionMask = 2147483647;
			files = (
				321AF1A01D50AB78006E68B9 /* PacketSenderUITests.swift in Sources */,
			);
			runOnlyForDeploymentPostprocessing = 0;
		};
/* End PBXSourcesBuildPhase section */

/* Begin PBXTargetDependency section */
		321AF19D1D50AB78006E68B9 /* PBXTargetDependency */ = {
			isa = PBXTargetDependency;
			target = 321AF18B1D50AB78006E68B9 /* PacketSender */;
			targetProxy = 321AF19C1D50AB78006E68B9 /* PBXContainerItemProxy */;
		};
/* End PBXTargetDependency section */

/* Begin PBXVariantGroup section */
		321AF1931D50AB78006E68B9 /* MainMenu.xib */ = {
			isa = PBXVariantGroup;
			children = (
				321AF1941D50AB78006E68B9 /* Base */,
			);
			name = MainMenu.xib;
			sourceTree = "<group>";
		};
/* End PBXVariantGroup section */

/* Begin XCBuildConfiguration section */
		321AF1A21D50AB78006E68B9 /* Debug */ = {
			isa = XCBuildConfiguration;
			buildSettings = {
				ALWAYS_SEARCH_USER_PATHS = NO;
				CLANG_ANALYZER_NONNULL = YES;
				CLANG_CXX_LANGUAGE_STANDARD = "gnu++0x";
				CLANG_CXX_LIBRARY = "libc++";
				CLANG_ENABLE_MODULES = YES;
				CLANG_ENABLE_OBJC_ARC = YES;
				CLANG_WARN_BOOL_CONVERSION = YES;
				CLANG_WARN_CONSTANT_CONVERSION = YES;
				CLANG_WARN_DIRECT_OBJC_ISA_USAGE = YES_ERROR;
				CLANG_WARN_EMPTY_BODY = YES;
				CLANG_WARN_ENUM_CONVERSION = YES;
				CLANG_WARN_INT_CONVERSION = YES;
				CLANG_WARN_OBJC_ROOT_CLASS = YES_ERROR;
				CLANG_WARN_UNREACHABLE_CODE = YES;
				CLANG_WARN__DUPLICATE_METHOD_MATCH = YES;
				CODE_SIGN_IDENTITY = "3rd Party Mac Developer Application: Wenqi Hu (GQ9JK4LVD7)";
				COPY_PHASE_STRIP = NO;
				DEBUG_INFORMATION_FORMAT = dwarf;
				ENABLE_STRICT_OBJC_MSGSEND = YES;
				ENABLE_TESTABILITY = YES;
				GCC_C_LANGUAGE_STANDARD = gnu99;
				GCC_DYNAMIC_NO_PIC = NO;
				GCC_NO_COMMON_BLOCKS = YES;
				GCC_OPTIMIZATION_LEVEL = 0;
				GCC_PREPROCESSOR_DEFINITIONS = (
					"DEBUG=1",
					"$(inherited)",
				);
				GCC_WARN_64_TO_32_BIT_CONVERSION = YES;
				GCC_WARN_ABOUT_RETURN_TYPE = YES_ERROR;
				GCC_WARN_UNDECLARED_SELECTOR = YES;
				GCC_WARN_UNINITIALIZED_AUTOS = YES_AGGRESSIVE;
				GCC_WARN_UNUSED_FUNCTION = YES;
				GCC_WARN_UNUSED_VARIABLE = YES;
				MACOSX_DEPLOYMENT_TARGET = 10.11;
				MTL_ENABLE_DEBUG_INFO = YES;
				ONLY_ACTIVE_ARCH = YES;
				OTHER_CODE_SIGN_FLAGS = "--deep";
				SDKROOT = macosx;
				SWIFT_OPTIMIZATION_LEVEL = "-Onone";
			};
			name = Debug;
		};
		321AF1A31D50AB78006E68B9 /* Release */ = {
			isa = XCBuildConfiguration;
			buildSettings = {
				ALWAYS_SEARCH_USER_PATHS = NO;
				CLANG_ANALYZER_NONNULL = YES;
				CLANG_CXX_LANGUAGE_STANDARD = "gnu++0x";
				CLANG_CXX_LIBRARY = "libc++";
				CLANG_ENABLE_MODULES = YES;
				CLANG_ENABLE_OBJC_ARC = YES;
				CLANG_WARN_BOOL_CONVERSION = YES;
				CLANG_WARN_CONSTANT_CONVERSION = YES;
				CLANG_WARN_DIRECT_OBJC_ISA_USAGE = YES_ERROR;
				CLANG_WARN_EMPTY_BODY = YES;
				CLANG_WARN_ENUM_CONVERSION = YES;
				CLANG_WARN_INT_CONVERSION = YES;
				CLANG_WARN_OBJC_ROOT_CLASS = YES_ERROR;
				CLANG_WARN_UNREACHABLE_CODE = YES;
				CLANG_WARN__DUPLICATE_METHOD_MATCH = YES;
				CODE_SIGN_IDENTITY = "3rd Party Mac Developer Application: Wenqi Hu (GQ9JK4LVD7)";
				COPY_PHASE_STRIP = NO;
				DEBUG_INFORMATION_FORMAT = "dwarf-with-dsym";
				ENABLE_NS_ASSERTIONS = NO;
				ENABLE_STRICT_OBJC_MSGSEND = YES;
				GCC_C_LANGUAGE_STANDARD = gnu99;
				GCC_NO_COMMON_BLOCKS = YES;
				GCC_WARN_64_TO_32_BIT_CONVERSION = YES;
				GCC_WARN_ABOUT_RETURN_TYPE = YES_ERROR;
				GCC_WARN_UNDECLARED_SELECTOR = YES;
				GCC_WARN_UNINITIALIZED_AUTOS = YES_AGGRESSIVE;
				GCC_WARN_UNUSED_FUNCTION = YES;
				GCC_WARN_UNUSED_VARIABLE = YES;
				MACOSX_DEPLOYMENT_TARGET = 10.11;
				MTL_ENABLE_DEBUG_INFO = NO;
				OTHER_CODE_SIGN_FLAGS = "--deep";
				SDKROOT = macosx;
			};
			name = Release;
		};
		321AF1A51D50AB78006E68B9 /* Debug */ = {
			isa = XCBuildConfiguration;
			baseConfigurationReference = 9EDCA0EB6946C98B30BAC386 /* Pods-PacketSender.debug.xcconfig */;
			buildSettings = {
				ASSETCATALOG_COMPILER_APPICON_NAME = AppIcon;
				CLANG_ENABLE_MODULES = YES;
				CODE_SIGN_ENTITLEMENTS = PacketSender/PacketSender.entitlements;
				CODE_SIGN_IDENTITY = "Developer ID Application";
				"CODE_SIGN_IDENTITY[sdk=macosx*]" = "";
				COMBINE_HIDPI_IMAGES = YES;
				INFOPLIST_FILE = PacketSender/Info.plist;
				LD_RUNPATH_SEARCH_PATHS = "$(inherited) @executable_path/../Frameworks";
				MACOSX_DEPLOYMENT_TARGET = 10.11;
				OTHER_CODE_SIGN_FLAGS = "";
				PRODUCT_BUNDLE_IDENTIFIER = com.sohunjug.tools.PacketSender;
				PRODUCT_NAME = "$(TARGET_NAME)";
				PROVISIONING_PROFILE = "";
				SWIFT_OBJC_BRIDGING_HEADER = "PacketSender-Bridging-Header.h";
				SWIFT_OPTIMIZATION_LEVEL = "-Onone";
			};
			name = Debug;
		};
		321AF1A61D50AB78006E68B9 /* Release */ = {
			isa = XCBuildConfiguration;
			baseConfigurationReference = 2F812525D309FBC48502B702 /* Pods-PacketSender.release.xcconfig */;
			buildSettings = {
				ASSETCATALOG_COMPILER_APPICON_NAME = AppIcon;
				CLANG_ENABLE_MODULES = YES;
				CODE_SIGN_ENTITLEMENTS = PacketSender/PacketSender.entitlements;
				CODE_SIGN_IDENTITY = "3rd Party Mac Developer Application: Wenqi Hu (GQ9JK4LVD7)";
				"CODE_SIGN_IDENTITY[sdk=macosx*]" = "3rd Party Mac Developer Application: Wenqi Hu (GQ9JK4LVD7)";
				COMBINE_HIDPI_IMAGES = YES;
				INFOPLIST_FILE = PacketSender/Info.plist;
				LD_RUNPATH_SEARCH_PATHS = "$(inherited) @executable_path/../Frameworks";
				MACOSX_DEPLOYMENT_TARGET = 10.11;
				OTHER_CODE_SIGN_FLAGS = "";
				PRODUCT_BUNDLE_IDENTIFIER = com.sohunjug.tools.PacketSender;
				PRODUCT_NAME = "$(TARGET_NAME)";
				PROVISIONING_PROFILE = "";
				SWIFT_OBJC_BRIDGING_HEADER = "PacketSender-Bridging-Header.h";
			};
			name = Release;
		};
		321AF1A81D50AB78006E68B9 /* Debug */ = {
			isa = XCBuildConfiguration;
			baseConfigurationReference = D4942015C382C57906D00872 /* Pods-PacketSenderUITests.debug.xcconfig */;
			buildSettings = {
				COMBINE_HIDPI_IMAGES = YES;
				INFOPLIST_FILE = PacketSenderUITests/Info.plist;
				LD_RUNPATH_SEARCH_PATHS = "$(inherited) @executable_path/../Frameworks @loader_path/../Frameworks";
				MACOSX_DEPLOYMENT_TARGET = 10.11;
				PRODUCT_BUNDLE_IDENTIFIER = com.sohunjug.tools.PacketSenderUITests;
				PRODUCT_NAME = "$(TARGET_NAME)";
				TEST_TARGET_NAME = PacketSender;
			};
			name = Debug;
		};
		321AF1A91D50AB78006E68B9 /* Release */ = {
			isa = XCBuildConfiguration;
			baseConfigurationReference = 1DB58E2D19955E9A9D1FE963 /* Pods-PacketSenderUITests.release.xcconfig */;
			buildSettings = {
				COMBINE_HIDPI_IMAGES = YES;
				INFOPLIST_FILE = PacketSenderUITests/Info.plist;
				LD_RUNPATH_SEARCH_PATHS = "$(inherited) @executable_path/../Frameworks @loader_path/../Frameworks";
				MACOSX_DEPLOYMENT_TARGET = 10.11;
				PRODUCT_BUNDLE_IDENTIFIER = com.sohunjug.tools.PacketSenderUITests;
				PRODUCT_NAME = "$(TARGET_NAME)";
				TEST_TARGET_NAME = PacketSender;
			};
			name = Release;
		};
/* End XCBuildConfiguration section */

/* Begin XCConfigurationList section */
		321AF1871D50AB78006E68B9 /* Build configuration list for PBXProject "PacketSender" */ = {
			isa = XCConfigurationList;
			buildConfigurations = (
				321AF1A21D50AB78006E68B9 /* Debug */,
				321AF1A31D50AB78006E68B9 /* Release */,
			);
			defaultConfigurationIsVisible = 0;
			defaultConfigurationName = Release;
		};
		321AF1A41D50AB78006E68B9 /* Build configuration list for PBXNativeTarget "PacketSender" */ = {
			isa = XCConfigurationList;
			buildConfigurations = (
				321AF1A51D50AB78006E68B9 /* Debug */,
				321AF1A61D50AB78006E68B9 /* Release */,
			);
			defaultConfigurationIsVisible = 0;
			defaultConfigurationName = Release;
		};
		321AF1A71D50AB78006E68B9 /* Build configuration list for PBXNativeTarget "PacketSenderUITests" */ = {
			isa = XCConfigurationList;
			buildConfigurations = (
				321AF1A81D50AB78006E68B9 /* Debug */,
				321AF1A91D50AB78006E68B9 /* Release */,
			);
			defaultConfigurationIsVisible = 0;
			defaultConfigurationName = Release;
		};
/* End XCConfigurationList section */
	};
	rootObject = 321AF1841D50AB78006E68B9 /* Project object */;
}
